
Microsoft Visual Studio Solution File, Format Version 12.00
# Visual Studio Version 16
VisualStudioVersion = 16.0.29709.97
MinimumVisualStudioVersion = 10.0.40219.1
Project("{9A19103F-16F7-4668-BE54-9A1E7A4F7556}") = "DRAWeb.Models", "DRAWeb.Models\DRAWeb.Models.csproj", "{6F9E1AB4-6731-40C1-89CC-6522513D0F75}"
EndProject
Project("{9A19103F-16F7-4668-BE54-9A1E7A4F7556}") = "DRAWeb.Core", "DRAWeb.Core\DRAWeb.Core.csproj", "{02600877-9D47-4B17-95BC-3FCA3338ECBC}"
EndProject
Project("{9A19103F-16F7-4668-BE54-9A1E7A4F7556}") = "DRAWeb.Proxy", "DRAWeb.Proxy\DRAWeb.Proxy.csproj", "{A4641AD8-96F2-4948-8651-A270D70C549E}"
EndProject
Project("{9A19103F-16F7-4668-BE54-9A1E7A4F7556}") = "DRAWeb.Infrastructure", "DRAWeb.Infrastructure\DRAWeb.Infrastructure.csproj", "{BED342A6-BB1C-4A86-A313-4C609FE1CB86}"
EndProject
Project("{9A19103F-16F7-4668-BE54-9A1E7A4F7556}") = "DRAWeb.App", "DRAWeb.App\DRAWeb.App.csproj", "{C06BE7A5-BD24-4779-83B5-448FDFF1EB41}"
EndProject
Project("{9A19103F-16F7-4668-BE54-9A1E7A4F7556}") = "DRAWeb.Logger", "DRAWeb.Logger\DRAWeb.Logger.csproj", "{07062FF3-FC06-453B-91A9-048C35796914}"
EndProject
Project("{2150E333-8FDC-42A3-9474-1A3956D46DE8}") = "1. Web", "1. Web", "{CB42766A-31E2-444B-B4FA-6F6C0EF23DB3}"
EndProject
Project("{2150E333-8FDC-42A3-9474-1A3956D46DE8}") = "2. Core", "2. Core", "{E56101D5-F060-4871-BE31-9B16ED39B877}"
EndProject
Project("{2150E333-8FDC-42A3-9474-1A3956D46DE8}") = "3. Infrastructure", "3. Infrastructure", "{B5FB228A-4855-4ABB-8073-E90AFB5B9A08}"
EndProject
Project("{2150E333-8FDC-42A3-9474-1A3956D46DE8}") = "4. Logger", "4. Logger", "{337B7ADB-B522-4241-839A-3EF28C389AD2}"
EndProject
Project("{2150E333-8FDC-42A3-9474-1A3956D46DE8}") = "6. Models", "6. Models", "{069A1899-F30D-461B-B3FE-AF302EEF4225}"
EndProject
Project("{2150E333-8FDC-42A3-9474-1A3956D46DE8}") = "5. ServiceProxy", "5. ServiceProxy", "{A0D99A97-A20D-413F-AA96-9B2D93AC68CA}"
EndProject
Global
	GlobalSection(SolutionConfigurationPlatforms) = preSolution
		Debug|Any CPU = Debug|Any CPU
		Release|Any CPU = Release|Any CPU
	EndGlobalSection
	GlobalSection(ProjectConfigurationPlatforms) = postSolution
		{6F9E1AB4-6731-40C1-89CC-6522513D0F75}.Debug|Any CPU.ActiveCfg = Debug|Any CPU
		{6F9E1AB4-6731-40C1-89CC-6522513D0F75}.Debug|Any CPU.Build.0 = Debug|Any CPU
		{6F9E1AB4-6731-40C1-89CC-6522513D0F75}.Release|Any CPU.ActiveCfg = Release|Any CPU
		{6F9E1AB4-6731-40C1-89CC-6522513D0F75}.Release|Any CPU.Build.0 = Release|Any CPU
		{02600877-9D47-4B17-95BC-3FCA3338ECBC}.Debug|Any CPU.ActiveCfg = Debug|Any CPU
		{02600877-9D47-4B17-95BC-3FCA3338ECBC}.Debug|Any CPU.Build.0 = Debug|Any CPU
		{02600877-9D47-4B17-95BC-3FCA3338ECBC}.Release|Any CPU.ActiveCfg = Release|Any CPU
		{02600877-9D47-4B17-95BC-3FCA3338ECBC}.Release|Any CPU.Build.0 = Release|Any CPU
		{A4641AD8-96F2-4948-8651-A270D70C549E}.Debug|Any CPU.ActiveCfg = Debug|Any CPU
		{A4641AD8-96F2-4948-8651-A270D70C549E}.Debug|Any CPU.Build.0 = Debug|Any CPU
		{A4641AD8-96F2-4948-8651-A270D70C549E}.Release|Any CPU.ActiveCfg = Release|Any CPU
		{A4641AD8-96F2-4948-8651-A270D70C549E}.Release|Any CPU.Build.0 = Release|Any CPU
		{BED342A6-BB1C-4A86-A313-4C609FE1CB86}.Debug|Any CPU.ActiveCfg = Debug|Any CPU
		{BED342A6-BB1C-4A86-A313-4C609FE1CB86}.Debug|Any CPU.Build.0 = Debug|Any CPU
		{BED342A6-BB1C-4A86-A313-4C609FE1CB86}.Release|Any CPU.ActiveCfg = Release|Any CPU
		{BED342A6-BB1C-4A86-A313-4C609FE1CB86}.Release|Any CPU.Build.0 = Release|Any CPU
		{C06BE7A5-BD24-4779-83B5-448FDFF1EB41}.Debug|Any CPU.ActiveCfg = Debug|Any CPU
		{C06BE7A5-BD24-4779-83B5-448FDFF1EB41}.Debug|Any CPU.Build.0 = Debug|Any CPU
		{C06BE7A5-BD24-4779-83B5-448FDFF1EB41}.Release|Any CPU.ActiveCfg = Release|Any CPU
		{C06BE7A5-BD24-4779-83B5-448FDFF1EB41}.Release|Any CPU.Build.0 = Release|Any CPU
		{07062FF3-FC06-453B-91A9-048C35796914}.Debug|Any CPU.ActiveCfg = Debug|Any CPU
		{07062FF3-FC06-453B-91A9-048C35796914}.Debug|Any CPU.Build.0 = Debug|Any CPU
		{07062FF3-FC06-453B-91A9-048C35796914}.Release|Any CPU.ActiveCfg = Release|Any CPU
		{07062FF3-FC06-453B-91A9-048C35796914}.Release|Any CPU.Build.0 = Release|Any CPU
	EndGlobalSection
	GlobalSection(SolutionProperties) = preSolution
		HideSolutionNode = FALSE
	EndGlobalSection
	GlobalSection(NestedProjects) = preSolution
		{6F9E1AB4-6731-40C1-89CC-6522513D0F75} = {069A1899-F30D-461B-B3FE-AF302EEF4225}
		{02600877-9D47-4B17-95BC-3FCA3338ECBC} = {E56101D5-F060-4871-BE31-9B16ED39B877}
		{A4641AD8-96F2-4948-8651-A270D70C549E} = {A0D99A97-A20D-413F-AA96-9B2D93AC68CA}
		{BED342A6-BB1C-4A86-A313-4C609FE1CB86} = {B5FB228A-4855-4ABB-8073-E90AFB5B9A08}
		{C06BE7A5-BD24-4779-83B5-448FDFF1EB41} = {CB42766A-31E2-444B-B4FA-6F6C0EF23DB3}
		{07062FF3-FC06-453B-91A9-048C35796914} = {337B7ADB-B522-4241-839A-3EF28C389AD2}
	EndGlobalSection
	GlobalSection(ExtensibilityGlobals) = postSolution
		SolutionGuid = {3950AAFC-45FC-47DC-A36A-6BA6F1116A30}
	EndGlobalSection
EndGlobal
